
Microsoft Visual Studio Solution File, Format Version 12.00
# Visual Studio Version 17
VisualStudioVersion = 17.7.34024.191
MinimumVisualStudioVersion = 10.0.40219.1
Project("{FAE04EC0-301F-11D3-BF4B-00C04F79EFBC}") = "Windows Forms", "Individual Project\Windows Forms.csproj", "{8C455E25-BB1D-4841-8CC6-A3D0D5BA819B}"
EndProject
Project("{FAE04EC0-301F-11D3-BF4B-00C04F79EFBC}") = "Razor Pages Web App", "Razor Pages Web App\Razor Pages Web App.csproj", "{045C7FCF-D7DD-4ECD-8F62-BF15A790D7A8}"
EndProject
Project("{FAE04EC0-301F-11D3-BF4B-00C04F79EFBC}") = "Class Library", "Class Library\Class Library.csproj", "{A3782908-8A8A-4EE8-981D-DC3C484EBB5D}"
EndProject
Global
	GlobalSection(SolutionConfigurationPlatforms) = preSolution
		Debug|Any CPU = Debug|Any CPU
		Release|Any CPU = Release|Any CPU
	EndGlobalSection
	GlobalSection(ProjectConfigurationPlatforms) = postSolution
		{8C455E25-BB1D-4841-8CC6-A3D0D5BA819B}.Debug|Any CPU.ActiveCfg = Debug|Any CPU
		{8C455E25-BB1D-4841-8CC6-A3D0D5BA819B}.Debug|Any CPU.Build.0 = Debug|Any CPU
		{8C455E25-BB1D-4841-8CC6-A3D0D5BA819B}.Release|Any CPU.ActiveCfg = Release|Any CPU
		{8C455E25-BB1D-4841-8CC6-A3D0D5BA819B}.Release|Any CPU.Build.0 = Release|Any CPU
		{045C7FCF-D7DD-4ECD-8F62-BF15A790D7A8}.Debug|Any CPU.ActiveCfg = Debug|Any CPU
		{045C7FCF-D7DD-4ECD-8F62-BF15A790D7A8}.Debug|Any CPU.Build.0 = Debug|Any CPU
		{045C7FCF-D7DD-4ECD-8F62-BF15A790D7A8}.Release|Any CPU.ActiveCfg = Release|Any CPU
		{045C7FCF-D7DD-4ECD-8F62-BF15A790D7A8}.Release|Any CPU.Build.0 = Release|Any CPU
		{A3782908-8A8A-4EE8-981D-DC3C484EBB5D}.Debug|Any CPU.ActiveCfg = Debug|Any CPU
		{A3782908-8A8A-4EE8-981D-DC3C484EBB5D}.Debug|Any CPU.Build.0 = Debug|Any CPU
		{A3782908-8A8A-4EE8-981D-DC3C484EBB5D}.Release|Any CPU.ActiveCfg = Release|Any CPU
		{A3782908-8A8A-4EE8-981D-DC3C484EBB5D}.Release|Any CPU.Build.0 = Release|Any CPU
	EndGlobalSection
	GlobalSection(SolutionProperties) = preSolution
		HideSolutionNode = FALSE
	EndGlobalSection
	GlobalSection(ExtensibilityGlobals) = postSolution
		SolutionGuid = {3B9D2A40-BEFD-41A3-B877-EB9FE735E00C}
	EndGlobalSection
EndGlobal
